
Microsoft Visual Studio Solution File, Format Version 12.00
# Visual Studio 15
VisualStudioVersion = 15.0.28307.106
MinimumVisualStudioVersion = 10.0.40219.1
Project("{8BC9CEB8-8B4A-11D0-8D11-00A0C91BC942}") = "MainApp", "MainApp.vcxproj", "{C66F29AA-A3C6-465C-9EC5-F4D948362E77}"
EndProject
Global
	GlobalSection(SolutionConfigurationPlatforms) = preSolution
		Debug|x86 = Debug|x86
		Release|x86 = Release|x86
	EndGlobalSection
	GlobalSection(ProjectConfigurationPlatforms) = postSolution
		{C66F29AA-A3C6-465C-9EC5-F4D948362E77}.Debug|x86.ActiveCfg = Debug|Win32
		{C66F29AA-A3C6-465C-9EC5-F4D948362E77}.Debug|x86.Build.0 = Debug|Win32
		{C66F29AA-A3C6-465C-9EC5-F4D948362E77}.Release|x86.ActiveCfg = Release|Win32
		{C66F29AA-A3C6-465C-9EC5-F4D948362E77}.Release|x86.Build.0 = Release|Win32
	EndGlobalSection
	GlobalSection(SolutionProperties) = preSolution
		HideSolutionNode = FALSE
	EndGlobalSection
	GlobalSection(ExtensibilityGlobals) = postSolution
		SolutionGuid = {3375BEAF-F2B0-474E-B21A-FCB6B88EB052}
	EndGlobalSection
EndGlobal
